
Microsoft Visual Studio Solution File, Format Version 12.00
# Visual Studio Version 17
VisualStudioVersion = 17.10.35201.131
MinimumVisualStudioVersion = 10.0.40219.1
Project("{8BC9CEB8-8B4A-11D0-8D11-00A0C91BC942}") = "DDL ALGORITHM", "DDL ALGORITHM.vcxproj", "{9CB18575-D0BA-41AF-9E25-4316457309F1}"
EndProject
Global
	GlobalSection(SolutionConfigurationPlatforms) = preSolution
		Debug|x64 = Debug|x64
		Debug|x86 = Debug|x86
		Release|x64 = Release|x64
		Release|x86 = Release|x86
	EndGlobalSection
	GlobalSection(ProjectConfigurationPlatforms) = postSolution
		{9CB18575-D0BA-41AF-9E25-4316457309F1}.Debug|x64.ActiveCfg = Debug|x64
		{9CB18575-D0BA-41AF-9E25-4316457309F1}.Debug|x64.Build.0 = Debug|x64
		{9CB18575-D0BA-41AF-9E25-4316457309F1}.Debug|x86.ActiveCfg = Debug|Win32
		{9CB18575-D0BA-41AF-9E25-4316457309F1}.Debug|x86.Build.0 = Debug|Win32
		{9CB18575-D0BA-41AF-9E25-4316457309F1}.Release|x64.ActiveCfg = Release|x64
		{9CB18575-D0BA-41AF-9E25-4316457309F1}.Release|x64.Build.0 = Release|x64
		{9CB18575-D0BA-41AF-9E25-4316457309F1}.Release|x86.ActiveCfg = Release|Win32
		{9CB18575-D0BA-41AF-9E25-4316457309F1}.Release|x86.Build.0 = Release|Win32
	EndGlobalSection
	GlobalSection(SolutionProperties) = preSolution
		HideSolutionNode = FALSE
	EndGlobalSection
	GlobalSection(ExtensibilityGlobals) = postSolution
		SolutionGuid = {C0F95AF4-B8D1-405D-BF35-8DA35B836404}
	EndGlobalSection
EndGlobal
